// !$*UTF8*$!
{
	archiveVersion = 1;
	classes = {
	};
	objectVersion = 46;
	objects = {

/* Begin PBXBuildFile section */
		922A057E1ECCCC1800C3A2DC /* AppDelegate.swift in Sources */ = {isa = PBXBuildFile; fileRef = 922A057D1ECCCC1800C3A2DC /* AppDelegate.swift */; };
		922A05801ECCCC1800C3A2DC /* playVC.swift in Sources */ = {isa = PBXBuildFile; fileRef = 922A057F1ECCCC1800C3A2DC /* playVC.swift */; };
		922A05831ECCCC1800C3A2DC /* Main.storyboard in Resources */ = {isa = PBXBuildFile; fileRef = 922A05811ECCCC1800C3A2DC /* Main.storyboard */; };
		922A05851ECCCC1800C3A2DC /* Assets.xcassets in Resources */ = {isa = PBXBuildFile; fileRef = 922A05841ECCCC1800C3A2DC /* Assets.xcassets */; };
		922A05881ECCCC1800C3A2DC /* LaunchScreen.storyboard in Resources */ = {isa = PBXBuildFile; fileRef = 922A05861ECCCC1800C3A2DC /* LaunchScreen.storyboard */; };
		922A05901ECCCF5A00C3A2DC /* resultsVC.swift in Sources */ = {isa = PBXBuildFile; fileRef = 922A058F1ECCCF5A00C3A2DC /* resultsVC.swift */; };
/* End PBXBuildFile section */

/* Begin PBXFileReference section */
		922A057A1ECCCC1800C3A2DC /* Roshambo.app */ = {isa = PBXFileReference; explicitFileType = wrapper.application; includeInIndex = 0; path = Roshambo.app; sourceTree = BUILT_PRODUCTS_DIR; };
		922A057D1ECCCC1800C3A2DC /* AppDelegate.swift */ = {isa = PBXFileReference; lastKnownFileType = sourcecode.swift; path = AppDelegate.swift; sourceTree = "<group>"; };
		922A057F1ECCCC1800C3A2DC /* playVC.swift */ = {isa = PBXFileReference; lastKnownFileType = sourcecode.swift; path = playVC.swift; sourceTree = "<group>"; };
		922A05821ECCCC1800C3A2DC /* Base */ = {isa = PBXFileReference; lastKnownFileType = file.storyboard; name = Base; path = Base.lproj/Main.storyboard; sourceTree = "<group>"; };
		922A05841ECCCC1800C3A2DC /* Assets.xcassets */ = {isa = PBXFileReference; lastKnownFileType = folder.assetcatalog; path = Assets.xcassets; sourceTree = "<group>"; };
		922A05871ECCCC1800C3A2DC /* Base */ = {isa = PBXFileReference; lastKnownFileType = file.storyboard; name = Base; path = Base.lproj/LaunchScreen.storyboard; sourceTree = "<group>"; };
		922A05891ECCCC1800C3A2DC /* Info.plist */ = {isa = PBXFileReference; lastKnownFileType = text.plist.xml; path = Info.plist; sourceTree = "<group>"; };
		922A058F1ECCCF5A00C3A2DC /* resultsVC.swift */ = {isa = PBXFileReference; fileEncoding = 4; lastKnownFileType = sourcecode.swift; path = resultsVC.swift; sourceTree = "<group>"; };
/* End PBXFileReference section */

/* Begin PBXFrameworksBuildPhase section */
		922A05771ECCCC1800C3A2DC /* Frameworks */ = {
			isa = PBXFrameworksBuildPhase;
			buildActionMask = 2147483647;
			files = (
			);
			runOnlyForDeploymentPostprocessing = 0;
		};
/* End PBXFrameworksBuildPhase section */

/* Begin PBXGroup section */
		922A05711ECCCC1800C3A2DC = {
			isa = PBXGroup;
			children = (
				922A057C1ECCCC1800C3A2DC /* Roshambo */,
				922A057B1ECCCC1800C3A2DC /* Products */,
			);
			sourceTree = "<group>";
		};
		922A057B1ECCCC1800C3A2DC /* Products */ = {
			isa = PBXGroup;
			children = (
				922A057A1ECCCC1800C3A2DC /* Roshambo.app */,
			);
			name = Products;
			sourceTree = "<group>";
		};
		922A057C1ECCCC1800C3A2DC /* Roshambo */ = {
			isa = PBXGroup;
			children = (
				922A057D1ECCCC1800C3A2DC /* AppDelegate.swift */,
				922A057F1ECCCC1800C3A2DC /* playVC.swift */,
				922A05811ECCCC1800C3A2DC /* Main.storyboard */,
				922A05841ECCCC1800C3A2DC /* Assets.xcassets */,
				922A05861ECCCC1800C3A2DC /* LaunchScreen.storyboard */,
				922A05891ECCCC1800C3A2DC /* Info.plist */,
				922A058F1ECCCF5A00C3A2DC /* resultsVC.swift */,
			);
			path = Roshambo;
			sourceTree = "<group>";
		};
/* End PBXGroup section */

/* Begin PBXNativeTarget section */
		922A05791ECCCC1800C3A2DC /* Roshambo */ = {
			isa = PBXNativeTarget;
			buildConfigurationList = 922A058C1ECCCC1800C3A2DC /* Build configuration list for PBXNativeTarget "Roshambo" */;
			buildPhases = (
				922A05761ECCCC1800C3A2DC /* Sources */,
				922A05771ECCCC1800C3A2DC /* Frameworks */,
				922A05781ECCCC1800C3A2DC /* Resources */,
			);
			buildRules = (
			);
			dependencies = (
			);
			name = Roshambo;
			productName = Roshambo;
			productReference = 922A057A1ECCCC1800C3A2DC /* Roshambo.app */;
			productType = "com.apple.product-type.application";
		};
/* End PBXNativeTarget section */

/* Begin PBXProject section */
		922A05721ECCCC1800C3A2DC /* Project object */ = {
			isa = PBXProject;
			attributes = {
				LastSwiftUpdateCheck = 0820;
				LastUpgradeCheck = 0820;
				ORGANIZATIONNAME = ZacharyG;
				TargetAttributes = {
					922A05791ECCCC1800C3A2DC = {
						CreatedOnToolsVersion = 8.2.1;
						ProvisioningStyle = Automatic;
					};
				};
			};
			buildConfigurationList = 922A05751ECCCC1800C3A2DC /* Build configuration list for PBXProject "Roshambo" */;
			compatibilityVersion = "Xcode 3.2";
			developmentRegion = English;
			hasScannedForEncodings = 0;
			knownRegions = (
				en,
				Base,
			);
			mainGroup = 922A05711ECCCC1800C3A2DC;
			productRefGroup = 922A057B1ECCCC1800C3A2DC /* Products */;
			projectDirPath = "";
			projectRoot = "";
			targets = (
				922A05791ECCCC1800C3A2DC /* Roshambo */,
			);
		};
/* End PBXProject section */

/* Begin PBXResourcesBuildPhase section */
		922A05781ECCCC1800C3A2DC /* Resources */ = {
			isa = PBXResourcesBuildPhase;
			buildActionMask = 2147483647;
			files = (
				922A05881ECCCC1800C3A2DC /* LaunchScreen.storyboard in Resources */,
				922A05851ECCCC1800C3A2DC /* Assets.xcassets in Resources */,
				922A05831ECCCC1800C3A2DC /* Main.storyboard in Resources */,
			);
			runOnlyForDeploymentPostprocessing = 0;
		};
/* End PBXResourcesBuildPhase section */

/* Begin PBXSourcesBuildPhase section */
		922A05761ECCCC1800C3A2DC /* Sources */ = {
			isa = PBXSourcesBuildPhase;
			buildActionMask = 2147483647;
			files = (
				922A05801ECCCC1800C3A2DC /* playVC.swift in Sources */,
				922A05901ECCCF5A00C3A2DC /* resultsVC.swift in Sources */,
				922A057E1ECCCC1800C3A2DC /* AppDelegate.swift in Sources */,
			);
			runOnlyForDeploymentPostprocessing = 0;
		};
/* End PBXSourcesBuildPhase section */

/* Begin PBXVariantGroup section */
		922A05811ECCCC1800C3A2DC /* Main.storyboard */ = {
			isa = PBXVariantGroup;
			children = (
				922A05821ECCCC1800C3A2DC /* Base */,
			);
			name = Main.storyboard;
			sourceTree = "<group>";
		};
		922A05861ECCCC1800C3A2DC /* LaunchScreen.storyboard */ = {
			isa = PBXVariantGroup;
			children = (
				922A05871ECCCC1800C3A2DC /* Base */,
			);
			name = LaunchScreen.storyboard;
			sourceTree = "<group>";
		};
/* End PBXVariantGroup section */

/* Begin XCBuildConfiguration section */
		922A058A1ECCCC1800C3A2DC /* Debug */ = {
			isa = XCBuildConfiguration;
			buildSettings = {
				ALWAYS_SEARCH_USER_PATHS = NO;
				CLANG_ANALYZER_NONNULL = YES;
				CLANG_CXX_LANGUAGE_STANDARD = "gnu++0x";
				CLANG_CXX_LIBRARY = "libc++";
				CLANG_ENABLE_MODULES = YES;
				CLANG_ENABLE_OBJC_ARC = YES;
				CLANG_WARN_BOOL_CONVERSION = YES;
				CLANG_WARN_CONSTANT_CONVERSION = YES;
				CLANG_WARN_DIRECT_OBJC_ISA_USAGE = YES_ERROR;
				CLANG_WARN_DOCUMENTATION_COMMENTS = YES;
				CLANG_WARN_EMPTY_BODY = YES;
				CLANG_WARN_ENUM_CONVERSION = YES;
				CLANG_WARN_INFINITE_RECURSION = YES;
				CLANG_WARN_INT_CONVERSION = YES;
				CLANG_WARN_OBJC_ROOT_CLASS = YES_ERROR;
				CLANG_WARN_SUSPICIOUS_MOVE = YES;
				CLANG_WARN_UNREACHABLE_CODE = YES;
				CLANG_WARN__DUPLICATE_METHOD_MATCH = YES;
				"CODE_SIGN_IDENTITY[sdk=iphoneos*]" = "iPhone Developer";
				COPY_PHASE_STRIP = NO;
				DEBUG_INFORMATION_FORMAT = dwarf;
				ENABLE_STRICT_OBJC_MSGSEND = YES;
				ENABLE_TESTABILITY = YES;
				GCC_C_LANGUAGE_STANDARD = gnu99;
				GCC_DYNAMIC_NO_PIC = NO;
				GCC_NO_COMMON_BLOCKS = YES;
				GCC_OPTIMIZATION_LEVEL = 0;
				GCC_PREPROCESSOR_DEFINITIONS = (
					"DEBUG=1",
					"$(inherited)",
				);
				GCC_WARN_64_TO_32_BIT_CONVERSION = YES;
				GCC_WARN_ABOUT_RETURN_TYPE = YES_ERROR;
				GCC_WARN_UNDECLARED_SELECTOR = YES;
				GCC_WARN_UNINITIALIZED_AUTOS = YES_AGGRESSIVE;
				GCC_WARN_UNUSED_FUNCTION = YES;
				GCC_WARN_UNUSED_VARIABLE = YES;
				IPHONEOS_DEPLOYMENT_TARGET = 10.2;
				MTL_ENABLE_DEBUG_INFO = YES;
				ONLY_ACTIVE_ARCH = YES;
				SDKROOT = iphoneos;
				SWIFT_ACTIVE_COMPILATION_CONDITIONS = DEBUG;
				SWIFT_OPTIMIZATION_LEVEL = "-Onone";
				TARGETED_DEVICE_FAMILY = "1,2";
			};
			name = Debug;
		};
		922A058B1ECCCC1800C3A2DC /* Release */ = {
			isa = XCBuildConfiguration;
			buildSettings = {
				ALWAYS_SEARCH_USER_PATHS = NO;
				CLANG_ANALYZER_NONNULL = YES;
				CLANG_CXX_LANGUAGE_STANDARD = "gnu++0x";
				CLANG_CXX_LIBRARY = "libc++";
				CLANG_ENABLE_MODULES = YES;
				CLANG_ENABLE_OBJC_ARC = YES;
				CLANG_WARN_BOOL_CONVERSION = YES;
				CLANG_WARN_CONSTANT_CONVERSION = YES;
				CLANG_WARN_DIRECT_OBJC_ISA_USAGE = YES_ERROR;
				CLANG_WARN_DOCUMENTATION_COMMENTS = YES;
				CLANG_WARN_EMPTY_BODY = YES;
				CLANG_WARN_ENUM_CONVERSION = YES;
				CLANG_WARN_INFINITE_RECURSION = YES;
				CLANG_WARN_INT_CONVERSION = YES;
				CLANG_WARN_OBJC_ROOT_CLASS = YES_ERROR;
				CLANG_WARN_SUSPICIOUS_MOVE = YES;
				CLANG_WARN_UNREACHABLE_CODE = YES;
				CLANG_WARN__DUPLICATE_METHOD_MATCH = YES;
				"CODE_SIGN_IDENTITY[sdk=iphoneos*]" = "iPhone Developer";
				COPY_PHASE_STRIP = NO;
				DEBUG_INFORMATION_FORMAT = "dwarf-with-dsym";
				ENABLE_NS_ASSERTIONS = NO;
				ENABLE_STRICT_OBJC_MSGSEND = YES;
				GCC_C_LANGUAGE_STANDARD = gnu99;
				GCC_NO_COMMON_BLOCKS = YES;
				GCC_WARN_64_TO_32_BIT_CONVERSION = YES;
				GCC_WARN_ABOUT_RETURN_TYPE = YES_ERROR;
				GCC_WARN_UNDECLARED_SELECTOR = YES;
				GCC_WARN_UNINITIALIZED_AUTOS = YES_AGGRESSIVE;
				GCC_WARN_UNUSED_FUNCTION = YES;
				GCC_WARN_UNUSED_VARIABLE = YES;
				IPHONEOS_DEPLOYMENT_TARGET = 10.2;
				MTL_ENABLE_DEBUG_INFO = NO;
				SDKROOT = iphoneos;
				SWIFT_OPTIMIZATION_LEVEL = "-Owholemodule";
				TARGETED_DEVICE_FAMILY = "1,2";
				VALIDATE_PRODUCT = YES;
			};
			name = Release;
		};
		922A058D1ECCCC1800C3A2DC /* Debug */ = {
			isa = XCBuildConfiguration;
			buildSettings = {
				ASSETCATALOG_COMPILER_APPICON_NAME = AppIcon;
				INFOPLIST_FILE = Roshambo/Info.plist;
				LD_RUNPATH_SEARCH_PATHS = "$(inherited) @executable_path/Frameworks";
				PRODUCT_BUNDLE_IDENTIFIER = Eidenberger.Roshambo;
				PRODUCT_NAME = "$(TARGET_NAME)";
				SWIFT_VERSION = 3.0;
			};
			name = Debug;
		};
		922A058E1ECCCC1800C3A2DC /* Release */ = {
			isa = XCBuildConfiguration;
			buildSettings = {
				ASSETCATALOG_COMPILER_APPICON_NAME = AppIcon;
				INFOPLIST_FILE = Roshambo/Info.plist;
				LD_RUNPATH_SEARCH_PATHS = "$(inherited) @executable_path/Frameworks";
				PRODUCT_BUNDLE_IDENTIFIER = Eidenberger.Roshambo;
				PRODUCT_NAME = "$(TARGET_NAME)";
				SWIFT_VERSION = 3.0;
			};
			name = Release;
		};
/* End XCBuildConfiguration section */

/* Begin XCConfigurationList section */
		922A05751ECCCC1800C3A2DC /* Build configuration list for PBXProject "Roshambo" */ = {
			isa = XCConfigurationList;
			buildConfigurations = (
				922A058A1ECCCC1800C3A2DC /* Debug */,
				922A058B1ECCCC1800C3A2DC /* Release */,
			);
			defaultConfigurationIsVisible = 0;
			defaultConfigurationName = Release;
		};
		922A058C1ECCCC1800C3A2DC /* Build configuration list for PBXNativeTarget "Roshambo" */ = {
			isa = XCConfigurationList;
			buildConfigurations = (
				922A058D1ECCCC1800C3A2DC /* Debug */,
				922A058E1ECCCC1800C3A2DC /* Release */,
			);
			defaultConfigurationIsVisible = 0;
		};
/* End XCConfigurationList section */
	};
	rootObject = 922A05721ECCCC1800C3A2DC /* Project object */;
}
